{
    "_readme": [
        "This file locks the dependencies of your project to a known state",
        "Read more about it at https://getcomposer.org/doc/01-basic-usage.md#installing-dependencies",
        "This file is @generated automatically"
    ],
    "content-hash": "8a0d6efd7612c7ca1ae9c1964498687a",
    "packages": [
        {
            "name": "christophwurst/nextcloud",
            "version": "v16.0.0-RC1",
            "source": {
                "type": "git",
                "url": "https://github.com/ChristophWurst/nextcloud_composer.git",
                "reference": "dd3131cef901825cbbdedb25c0ff50d28fea2fec"
            },
            "dist": {
                "type": "zip",
                "url": "https://api.github.com/repos/ChristophWurst/nextcloud_composer/zipball/dd3131cef901825cbbdedb25c0ff50d28fea2fec",
                "reference": "dd3131cef901825cbbdedb25c0ff50d28fea2fec",
                "shasum": ""
            },
            "require": {
                "php": "^7.1"
            },
            "type": "library",
            "extra": {
                "branch-alias": {
                    "dev-master": "16.0.0-dev"
                }
            },
            "notification-url": "https://packagist.org/downloads/",
            "license": [
                "AGPL-3.0-or-later"
            ],
            "authors": [
                {
                    "name": "Christoph Wurst",
                    "email": "christoph@winzerhof-wurst.at"
                }
            ],
            "description": "Composer package containing Nextcloud's public API (classes, interfaces)",
            "time": "2019-04-12T06:01:46+00:00"
        },
        {
            "name": "php-ai/php-ml",
            "version": "0.8.0",
            "source": {
                "type": "git",
                "url": "https://github.com/php-ai/php-ml.git",
                "reference": "5e02b893e904761cd7e2415b11778cd421494c07"
            },
            "dist": {
                "type": "zip",
                "url": "https://api.github.com/repos/php-ai/php-ml/zipball/5e02b893e904761cd7e2415b11778cd421494c07",
                "reference": "5e02b893e904761cd7e2415b11778cd421494c07",
                "shasum": ""
            },
            "require": {
                "php": "^7.1"
            },
            "require-dev": {
                "phpbench/phpbench": "^0.14.0",
                "phpstan/phpstan-phpunit": "^0.10",
                "phpstan/phpstan-shim": "^0.10",
                "phpstan/phpstan-strict-rules": "^0.10",
                "phpunit/phpunit": "^7.0.0",
                "symplify/coding-standard": "^5.1",
                "symplify/easy-coding-standard": "^5.1"
            },
            "type": "library",
            "autoload": {
                "psr-4": {
                    "Phpml\\": "src/"
                }
            },
            "notification-url": "https://packagist.org/downloads/",
            "license": [
                "MIT"
            ],
            "authors": [
                {
                    "name": "Arkadiusz Kondas",
                    "email": "arkadiusz.kondas@gmail.com"
                }
            ],
            "description": "PHP-ML - Machine Learning library for PHP",
            "homepage": "https://github.com/php-ai/php-ml",
            "keywords": [
                "Neural network",
                "artificial intelligence",
                "computational learning theory",
                "data science",
                "feature extraction",
                "machine learning",
                "pattern recognition"
            ],
            "time": "2019-03-20T22:22:45+00:00"
        }
    ],
    "packages-dev": [],
    "aliases": [],
    "minimum-stability": "stable",
    "stability-flags": {
        "christophwurst/nextcloud": 5
    },
    "prefer-stable": false,
    "prefer-lowest": false,
    "platform": [],
    "platform-dev": []
}
